
Microsoft Visual Studio Solution File, Format Version 12.00
# Visual Studio Version 17
VisualStudioVersion = 17.11.35312.102
MinimumVisualStudioVersion = 10.0.40219.1
Project("{FAE04EC0-301F-11D3-BF4B-00C04F79EFBC}") = "Email_send", "Email_send.csproj", "{1F31ADF0-7888-4316-AD9C-0CF24563EDB5}"
EndProject
Global
	GlobalSection(SolutionConfigurationPlatforms) = preSolution
		Debug|Any CPU = Debug|Any CPU
		Release|Any CPU = Release|Any CPU
	EndGlobalSection
	GlobalSection(ProjectConfigurationPlatforms) = postSolution
		{1F31ADF0-7888-4316-AD9C-0CF24563EDB5}.Debug|Any CPU.ActiveCfg = Debug|Any CPU
		{1F31ADF0-7888-4316-AD9C-0CF24563EDB5}.Debug|Any CPU.Build.0 = Debug|Any CPU
		{1F31ADF0-7888-4316-AD9C-0CF24563EDB5}.Release|Any CPU.ActiveCfg = Release|Any CPU
		{1F31ADF0-7888-4316-AD9C-0CF24563EDB5}.Release|Any CPU.Build.0 = Release|Any CPU
	EndGlobalSection
	GlobalSection(SolutionProperties) = preSolution
		HideSolutionNode = FALSE
	EndGlobalSection
	GlobalSection(ExtensibilityGlobals) = postSolution
		SolutionGuid = {4FC36E5D-4C7F-46E4-921B-074CF192F830}
	EndGlobalSection
EndGlobal
